lockfileVersion: '9.0'

settings:
  autoInstallPeers: true
  excludeLinksFromLockfile: false

importers:

  .:
    dependencies:
      '@docusaurus/core':
        specifier: 3.8.1
        version: 3.8.1
      '@docusaurus/faster':
        specifier: ^3.8.1
        version: 3.8.1
      '@docusaurus/plugin-ideal-image':
        specifier: 3.8.1
        version: 3.8.1
      '@docusaurus/plugin-pwa':
        specifier: 3.8.1
        version: 3.8.1
      '@docusaurus/plugin-vercel-analytics':
        specifier: ^3.8.1
        version: 3.8.1
      '@docusaurus/preset-classic':
        specifier: 3.8.1
        version: 3.8.1
      '@docusaurus/theme-common':
        specifier: 3.8.1
        version: 3.8.1
      '@docusaurus/theme-search-algolia':
        specifier: 3.8.1
        version: 3.8.1
      '@giscus/react':
        specifier: ^3.1.0
        version: 3.1.0
      '@popperjs/core':
        specifier: ^2.11.8
        version: 2.11.8
      '@radix-ui/react-slot':
        specifier: ^1.1.1
        version: 1.1.1
      autoprefixer:
        specifier: ^10.4.20
        version: 10.4.20
      class-variance-authority:
        specifier: ^0.7.1
        version: 0.7.1
      clsx:
        specifier: ^2.1.1
        version: 2.1.1
      docusaurus-plugin-baidu-tongji:
        specifier: 0.0.0-beta.4
        version: 0.0.0-beta.4
      docusaurus-plugin-image-zoom:
        specifier: ^2.0.0
        version: 2.0.0
      framer-motion:
        specifier: ^11.18.1
        version: 11.18.1
      mini-svg-data-uri:
        specifier: ^1.4.4
        version: 1.4.4
      motion:
        specifier: ^11.18.1
        version: 11.18.1
      ora:
        specifier: ^8.1.1
        version: 8.1.1
      postcss:
        specifier: ^8.5.1
        version: 8.5.1
      prism-react-renderer:
        specifier: ^2.4.1
        version: 2.4.1
      prismjs:
        specifier: ^1.29.0
        version: 1.29.0
      raw-loader:
        specifier: ^4.0.2
        version: 4.0.2
      react:
        specifier: ^19.0.0
        version: 19.0.0
      react-dom:
        specifier: ^19.0.0
        version: 19.0.0
      react-github-calendar:
        specifier: ^4.5.4
        version: 4.5.4
      react-icon-cloud:
        specifier: ^4.1.7
        version: 4.1.7
      react-popper:
        specifier: ^2.3.0
        version: 2.3.0
      react-tweet:
        specifier: ^3.2.1
        version: 3.2.1
      tailwind-merge:
        specifier: ^2.6.0
        version: 2.6.0
      tailwindcss:
        specifier: ^3.4.17
        version: 3.4.17
    devDependencies:
      '@docusaurus/module-type-aliases':
        specifier: 3.8.1
        version: 3.8.1
      '@docusaurus/tsconfig':
        specifier: ^3.8.1
        version: 3.8.1
      '@docusaurus/types':
        specifier: 3.8.1
        version: 3.8.1
      '@iconify/react':
        specifier: ^5.2.0
        version: 5.2.0
      '@stylistic/eslint-plugin':
        specifier: 2.13.0
        version: 2.13.0
      '@tailwindcss/typography':
        specifier: ^0.5.16
        version: 0.5.16
      '@typescript-eslint/eslint-plugin':
        specifier: 8.20.0
        version: 8.20.0
      eslint:
        specifier: 9.18.0
        version: 9.18.0
      eslint-plugin-react:
        specifier: ^7.37.4
        version: 7.37.4
      eslint-plugin-tailwindcss:
        specifier: 3.18.0
        version: 3.18.0
      typescript:
        specifier: ~5.7.3
        version: 5.7.3
      typescript-eslint:
        specifier: ^8.20.0
        version: 8.20.0

packages: {}
